
Microsoft Visual Studio Solution File, Format Version 12.00
# Visual Studio 15
VisualStudioVersion = 15.0.28307.136
MinimumVisualStudioVersion = 10.0.40219.1
Project("{8BC9CEB8-8B4A-11D0-8D11-00A0C91BC942}") = "ACSystem", "ACSystem\ACSystem.vcxproj", "{C4A382D1-968A-42F3-A2E5-70D02A45C28E}"
EndProject
Project("{8BC9CEB8-8B4A-11D0-8D11-00A0C91BC942}") = "Communicator", "Communicator\Communicator.vcxproj", "{8EFA7298-6A83-4A10-8B69-543C31495B47}"
EndProject
Project("{8BC9CEB8-8B4A-11D0-8D11-00A0C91BC942}") = "Logger", "Logger\Logger.vcxproj", "{B29291D0-A7A8-40D8-ABF0-A872E08BE23F}"
EndProject
Project("{8BC9CEB8-8B4A-11D0-8D11-00A0C91BC942}") = "Usr", "Usr\Usr.vcxproj", "{0C6401D0-27BB-4A78-A9A1-46DEA0A9959F}"
EndProject
Global
	GlobalSection(SolutionConfigurationPlatforms) = preSolution
		Debug|x64 = Debug|x64
		Debug|x86 = Debug|x86
		Release|x64 = Release|x64
		Release|x86 = Release|x86
	EndGlobalSection
	GlobalSection(ProjectConfigurationPlatforms) = postSolution
		{C4A382D1-968A-42F3-A2E5-70D02A45C28E}.Debug|x64.ActiveCfg = Debug|x64
		{C4A382D1-968A-42F3-A2E5-70D02A45C28E}.Debug|x64.Build.0 = Debug|x64
		{C4A382D1-968A-42F3-A2E5-70D02A45C28E}.Debug|x86.ActiveCfg = Debug|Win32
		{C4A382D1-968A-42F3-A2E5-70D02A45C28E}.Debug|x86.Build.0 = Debug|Win32
		{C4A382D1-968A-42F3-A2E5-70D02A45C28E}.Release|x64.ActiveCfg = Release|x64
		{C4A382D1-968A-42F3-A2E5-70D02A45C28E}.Release|x64.Build.0 = Release|x64
		{C4A382D1-968A-42F3-A2E5-70D02A45C28E}.Release|x86.ActiveCfg = Release|Win32
		{C4A382D1-968A-42F3-A2E5-70D02A45C28E}.Release|x86.Build.0 = Release|Win32
		{8EFA7298-6A83-4A10-8B69-543C31495B47}.Debug|x64.ActiveCfg = Debug|x64
		{8EFA7298-6A83-4A10-8B69-543C31495B47}.Debug|x64.Build.0 = Debug|x64
		{8EFA7298-6A83-4A10-8B69-543C31495B47}.Debug|x86.ActiveCfg = Debug|Win32
		{8EFA7298-6A83-4A10-8B69-543C31495B47}.Debug|x86.Build.0 = Debug|Win32
		{8EFA7298-6A83-4A10-8B69-543C31495B47}.Release|x64.ActiveCfg = Release|x64
		{8EFA7298-6A83-4A10-8B69-543C31495B47}.Release|x64.Build.0 = Release|x64
		{8EFA7298-6A83-4A10-8B69-543C31495B47}.Release|x86.ActiveCfg = Release|Win32
		{8EFA7298-6A83-4A10-8B69-543C31495B47}.Release|x86.Build.0 = Release|Win32
		{B29291D0-A7A8-40D8-ABF0-A872E08BE23F}.Debug|x64.ActiveCfg = Debug|x64
		{B29291D0-A7A8-40D8-ABF0-A872E08BE23F}.Debug|x64.Build.0 = Debug|x64
		{B29291D0-A7A8-40D8-ABF0-A872E08BE23F}.Debug|x86.ActiveCfg = Debug|Win32
		{B29291D0-A7A8-40D8-ABF0-A872E08BE23F}.Debug|x86.Build.0 = Debug|Win32
		{B29291D0-A7A8-40D8-ABF0-A872E08BE23F}.Release|x64.ActiveCfg = Release|x64
		{B29291D0-A7A8-40D8-ABF0-A872E08BE23F}.Release|x64.Build.0 = Release|x64
		{B29291D0-A7A8-40D8-ABF0-A872E08BE23F}.Release|x86.ActiveCfg = Release|Win32
		{B29291D0-A7A8-40D8-ABF0-A872E08BE23F}.Release|x86.Build.0 = Release|Win32
		{0C6401D0-27BB-4A78-A9A1-46DEA0A9959F}.Debug|x64.ActiveCfg = Debug|x64
		{0C6401D0-27BB-4A78-A9A1-46DEA0A9959F}.Debug|x64.Build.0 = Debug|x64
		{0C6401D0-27BB-4A78-A9A1-46DEA0A9959F}.Debug|x86.ActiveCfg = Debug|Win32
		{0C6401D0-27BB-4A78-A9A1-46DEA0A9959F}.Debug|x86.Build.0 = Debug|Win32
		{0C6401D0-27BB-4A78-A9A1-46DEA0A9959F}.Release|x64.ActiveCfg = Release|x64
		{0C6401D0-27BB-4A78-A9A1-46DEA0A9959F}.Release|x64.Build.0 = Release|x64
		{0C6401D0-27BB-4A78-A9A1-46DEA0A9959F}.Release|x86.ActiveCfg = Release|Win32
		{0C6401D0-27BB-4A78-A9A1-46DEA0A9959F}.Release|x86.Build.0 = Release|Win32
	EndGlobalSection
	GlobalSection(SolutionProperties) = preSolution
		HideSolutionNode = FALSE
	EndGlobalSection
	GlobalSection(ExtensibilityGlobals) = postSolution
		SolutionGuid = {4422591A-6183-47B3-AFDC-C0BA860A84FF}
	EndGlobalSection
EndGlobal
